
Microsoft Visual Studio Solution File, Format Version 12.00
# Visual Studio 2013
VisualStudioVersion = 12.0.21005.1
MinimumVisualStudioVersion = 10.0.40219.1
Project("{FAE04EC0-301F-11D3-BF4B-00C04F79EFBC}") = "Prueba3(NerdFlix)", "Prueba3(NerdFlix)\Prueba3(NerdFlix).csproj", "{BBDB48DD-BF99-4E73-A126-916B52F73DFB}"
EndProject
Project("{FAE04EC0-301F-11D3-BF4B-00C04F79EFBC}") = "Datos", "Datos\Datos.csproj", "{6F77B60B-69B4-4DD5-8853-6CC48E649141}"
EndProject
Project("{FAE04EC0-301F-11D3-BF4B-00C04F79EFBC}") = "Negocio", "Negocio\Negocio.csproj", "{3FDF325F-B8E4-4386-B8CF-64FAFF678480}"
EndProject
Project("{FAE04EC0-301F-11D3-BF4B-00C04F79EFBC}") = "Clases", "Clases\Clases.csproj", "{5699869A-9C49-4DC6-8059-99B657879667}"
EndProject
Global
	GlobalSection(SolutionConfigurationPlatforms) = preSolution
		Debug|Any CPU = Debug|Any CPU
		Debug|Mixed Platforms = Debug|Mixed Platforms
		Debug|x86 = Debug|x86
		Release|Any CPU = Release|Any CPU
		Release|Mixed Platforms = Release|Mixed Platforms
		Release|x86 = Release|x86
	EndGlobalSection
	GlobalSection(ProjectConfigurationPlatforms) = postSolution
		{BBDB48DD-BF99-4E73-A126-916B52F73DFB}.Debug|Any CPU.ActiveCfg = Debug|x86
		{BBDB48DD-BF99-4E73-A126-916B52F73DFB}.Debug|Mixed Platforms.ActiveCfg = Debug|x86
		{BBDB48DD-BF99-4E73-A126-916B52F73DFB}.Debug|Mixed Platforms.Build.0 = Debug|x86
		{BBDB48DD-BF99-4E73-A126-916B52F73DFB}.Debug|x86.ActiveCfg = Debug|x86
		{BBDB48DD-BF99-4E73-A126-916B52F73DFB}.Debug|x86.Build.0 = Debug|x86
		{BBDB48DD-BF99-4E73-A126-916B52F73DFB}.Release|Any CPU.ActiveCfg = Release|x86
		{BBDB48DD-BF99-4E73-A126-916B52F73DFB}.Release|Mixed Platforms.ActiveCfg = Release|x86
		{BBDB48DD-BF99-4E73-A126-916B52F73DFB}.Release|Mixed Platforms.Build.0 = Release|x86
		{BBDB48DD-BF99-4E73-A126-916B52F73DFB}.Release|x86.ActiveCfg = Release|x86
		{BBDB48DD-BF99-4E73-A126-916B52F73DFB}.Release|x86.Build.0 = Release|x86
		{6F77B60B-69B4-4DD5-8853-6CC48E649141}.Debug|Any CPU.ActiveCfg = Debug|Any CPU
		{6F77B60B-69B4-4DD5-8853-6CC48E649141}.Debug|Any CPU.Build.0 = Debug|Any CPU
		{6F77B60B-69B4-4DD5-8853-6CC48E649141}.Debug|Mixed Platforms.ActiveCfg = Debug|Any CPU
		{6F77B60B-69B4-4DD5-8853-6CC48E649141}.Debug|Mixed Platforms.Build.0 = Debug|Any CPU
		{6F77B60B-69B4-4DD5-8853-6CC48E649141}.Debug|x86.ActiveCfg = Debug|Any CPU
		{6F77B60B-69B4-4DD5-8853-6CC48E649141}.Release|Any CPU.ActiveCfg = Release|Any CPU
		{6F77B60B-69B4-4DD5-8853-6CC48E649141}.Release|Any CPU.Build.0 = Release|Any CPU
		{6F77B60B-69B4-4DD5-8853-6CC48E649141}.Release|Mixed Platforms.ActiveCfg = Release|Any CPU
		{6F77B60B-69B4-4DD5-8853-6CC48E649141}.Release|Mixed Platforms.Build.0 = Release|Any CPU
		{6F77B60B-69B4-4DD5-8853-6CC48E649141}.Release|x86.ActiveCfg = Release|Any CPU
		{3FDF325F-B8E4-4386-B8CF-64FAFF678480}.Debug|Any CPU.ActiveCfg = Debug|Any CPU
		{3FDF325F-B8E4-4386-B8CF-64FAFF678480}.Debug|Any CPU.Build.0 = Debug|Any CPU
		{3FDF325F-B8E4-4386-B8CF-64FAFF678480}.Debug|Mixed Platforms.ActiveCfg = Debug|Any CPU
		{3FDF325F-B8E4-4386-B8CF-64FAFF678480}.Debug|Mixed Platforms.Build.0 = Debug|Any CPU
		{3FDF325F-B8E4-4386-B8CF-64FAFF678480}.Debug|x86.ActiveCfg = Debug|Any CPU
		{3FDF325F-B8E4-4386-B8CF-64FAFF678480}.Release|Any CPU.ActiveCfg = Release|Any CPU
		{3FDF325F-B8E4-4386-B8CF-64FAFF678480}.Release|Any CPU.Build.0 = Release|Any CPU
		{3FDF325F-B8E4-4386-B8CF-64FAFF678480}.Release|Mixed Platforms.ActiveCfg = Release|Any CPU
		{3FDF325F-B8E4-4386-B8CF-64FAFF678480}.Release|Mixed Platforms.Build.0 = Release|Any CPU
		{3FDF325F-B8E4-4386-B8CF-64FAFF678480}.Release|x86.ActiveCfg = Release|Any CPU
		{5699869A-9C49-4DC6-8059-99B657879667}.Debug|Any CPU.ActiveCfg = Debug|Any CPU
		{5699869A-9C49-4DC6-8059-99B657879667}.Debug|Any CPU.Build.0 = Debug|Any CPU
		{5699869A-9C49-4DC6-8059-99B657879667}.Debug|Mixed Platforms.ActiveCfg = Debug|Any CPU
		{5699869A-9C49-4DC6-8059-99B657879667}.Debug|Mixed Platforms.Build.0 = Debug|Any CPU
		{5699869A-9C49-4DC6-8059-99B657879667}.Debug|x86.ActiveCfg = Debug|Any CPU
		{5699869A-9C49-4DC6-8059-99B657879667}.Release|Any CPU.ActiveCfg = Release|Any CPU
		{5699869A-9C49-4DC6-8059-99B657879667}.Release|Any CPU.Build.0 = Release|Any CPU
		{5699869A-9C49-4DC6-8059-99B657879667}.Release|Mixed Platforms.ActiveCfg = Release|Any CPU
		{5699869A-9C49-4DC6-8059-99B657879667}.Release|Mixed Platforms.Build.0 = Release|Any CPU
		{5699869A-9C49-4DC6-8059-99B657879667}.Release|x86.ActiveCfg = Release|Any CPU
	EndGlobalSection
	GlobalSection(SolutionProperties) = preSolution
		HideSolutionNode = FALSE
	EndGlobalSection
EndGlobal
